
Microsoft Visual Studio Solution File, Format Version 12.00
# Visual Studio Version 17
VisualStudioVersion = 17.8.34309.116
MinimumVisualStudioVersion = 10.0.40219.1
Project("{2150E333-8FDC-42A3-9474-1A3956D46DE8}") = "src", "src", "{B094251B-D74F-4EF3-AA42-C47F10E4F806}"
EndProject
Project("{FAE04EC0-301F-11D3-BF4B-00C04F79EFBC}") = "QazoniHisoblovchi.API", "QazoniHisoblovchi\src\QazoniHisoblovchi.API\QazoniHisoblovchi.API.csproj", "{8868D203-7289-4530-A3B3-921B3DA583B8}"
EndProject
Project("{FAE04EC0-301F-11D3-BF4B-00C04F79EFBC}") = "QazoniHisoblovchi.Infrastructure", "QazoniHisoblovchi.Infrastructure\QazoniHisoblovchi.Infrastructure.csproj", "{8F59620A-2165-4BB8-9FA0-BF5F9B04EF37}"
EndProject
Project("{FAE04EC0-301F-11D3-BF4B-00C04F79EFBC}") = "QazoniHisoblovchi.Domain", "QazoniHisoblovchi.Domain\QazoniHisoblovchi.Domain.csproj", "{C0A2250A-4174-4EB7-9618-C11F75D0314C}"
EndProject
Project("{FAE04EC0-301F-11D3-BF4B-00C04F79EFBC}") = "QazoniHisoblovchi.Application", "QazoniHisoblovchi.Application\QazoniHisoblovchi.Application.csproj", "{3DA03E7C-13AD-428E-BB4C-8CFDA2F8CD33}"
EndProject
Global
	GlobalSection(SolutionConfigurationPlatforms) = preSolution
		Debug|Any CPU = Debug|Any CPU
		Release|Any CPU = Release|Any CPU
	EndGlobalSection
	GlobalSection(ProjectConfigurationPlatforms) = postSolution
		{8868D203-7289-4530-A3B3-921B3DA583B8}.Debug|Any CPU.ActiveCfg = Debug|Any CPU
		{8868D203-7289-4530-A3B3-921B3DA583B8}.Debug|Any CPU.Build.0 = Debug|Any CPU
		{8868D203-7289-4530-A3B3-921B3DA583B8}.Release|Any CPU.ActiveCfg = Release|Any CPU
		{8868D203-7289-4530-A3B3-921B3DA583B8}.Release|Any CPU.Build.0 = Release|Any CPU
		{8F59620A-2165-4BB8-9FA0-BF5F9B04EF37}.Debug|Any CPU.ActiveCfg = Debug|Any CPU
		{8F59620A-2165-4BB8-9FA0-BF5F9B04EF37}.Debug|Any CPU.Build.0 = Debug|Any CPU
		{8F59620A-2165-4BB8-9FA0-BF5F9B04EF37}.Release|Any CPU.ActiveCfg = Release|Any CPU
		{8F59620A-2165-4BB8-9FA0-BF5F9B04EF37}.Release|Any CPU.Build.0 = Release|Any CPU
		{C0A2250A-4174-4EB7-9618-C11F75D0314C}.Debug|Any CPU.ActiveCfg = Debug|Any CPU
		{C0A2250A-4174-4EB7-9618-C11F75D0314C}.Debug|Any CPU.Build.0 = Debug|Any CPU
		{C0A2250A-4174-4EB7-9618-C11F75D0314C}.Release|Any CPU.ActiveCfg = Release|Any CPU
		{C0A2250A-4174-4EB7-9618-C11F75D0314C}.Release|Any CPU.Build.0 = Release|Any CPU
		{3DA03E7C-13AD-428E-BB4C-8CFDA2F8CD33}.Debug|Any CPU.ActiveCfg = Debug|Any CPU
		{3DA03E7C-13AD-428E-BB4C-8CFDA2F8CD33}.Debug|Any CPU.Build.0 = Debug|Any CPU
		{3DA03E7C-13AD-428E-BB4C-8CFDA2F8CD33}.Release|Any CPU.ActiveCfg = Release|Any CPU
		{3DA03E7C-13AD-428E-BB4C-8CFDA2F8CD33}.Release|Any CPU.Build.0 = Release|Any CPU
	EndGlobalSection
	GlobalSection(SolutionProperties) = preSolution
		HideSolutionNode = FALSE
	EndGlobalSection
	GlobalSection(NestedProjects) = preSolution
		{8868D203-7289-4530-A3B3-921B3DA583B8} = {B094251B-D74F-4EF3-AA42-C47F10E4F806}
		{8F59620A-2165-4BB8-9FA0-BF5F9B04EF37} = {B094251B-D74F-4EF3-AA42-C47F10E4F806}
		{C0A2250A-4174-4EB7-9618-C11F75D0314C} = {B094251B-D74F-4EF3-AA42-C47F10E4F806}
		{3DA03E7C-13AD-428E-BB4C-8CFDA2F8CD33} = {B094251B-D74F-4EF3-AA42-C47F10E4F806}
	EndGlobalSection
	GlobalSection(ExtensibilityGlobals) = postSolution
		SolutionGuid = {CB6B1838-CEAB-40D1-A5C2-C9D071313BF4}
	EndGlobalSection
EndGlobal
